
Microsoft Visual Studio Solution File, Format Version 12.00
# Visual Studio 15
Project("{FAE04EC0-301F-11D3-BF4B-00C04F79EFBC}") = "Assembly-CSharp", "Assembly-CSharp.csproj", "{2BF5F759-6D30-9075-DF5A-997846E7555A}"
EndProject
Project("{FAE04EC0-301F-11D3-BF4B-00C04F79EFBC}") = "Assembly-CSharp-firstpass", "Assembly-CSharp-firstpass.csproj", "{C5064AEC-C89C-591F-E19B-E4BF204BE823}"
EndProject
Global
	GlobalSection(SolutionConfigurationPlatforms) = preSolution
		Debug|Any CPU = Debug|Any CPU
		Release|Any CPU = Release|Any CPU
	EndGlobalSection
	GlobalSection(ProjectConfigurationPlatforms) = postSolution
		{2BF5F759-6D30-9075-DF5A-997846E7555A}.Debug|Any CPU.ActiveCfg = Debug|Any CPU
		{2BF5F759-6D30-9075-DF5A-997846E7555A}.Debug|Any CPU.Build.0 = Debug|Any CPU
		{2BF5F759-6D30-9075-DF5A-997846E7555A}.Release|Any CPU.ActiveCfg = Release|Any CPU
		{2BF5F759-6D30-9075-DF5A-997846E7555A}.Release|Any CPU.Build.0 = Release|Any CPU
		{C5064AEC-C89C-591F-E19B-E4BF204BE823}.Debug|Any CPU.ActiveCfg = Debug|Any CPU
		{C5064AEC-C89C-591F-E19B-E4BF204BE823}.Debug|Any CPU.Build.0 = Debug|Any CPU
		{C5064AEC-C89C-591F-E19B-E4BF204BE823}.Release|Any CPU.ActiveCfg = Release|Any CPU
		{C5064AEC-C89C-591F-E19B-E4BF204BE823}.Release|Any CPU.Build.0 = Release|Any CPU
	EndGlobalSection
	GlobalSection(SolutionProperties) = preSolution
		HideSolutionNode = FALSE
	EndGlobalSection
EndGlobal
